
Microsoft Visual Studio Solution File, Format Version 12.00
# Visual Studio Version 17
VisualStudioVersion = 17.8.34316.72
MinimumVisualStudioVersion = 10.0.40219.1
Project("{9A19103F-16F7-4668-BE54-9A1E7A4F7556}") = "TP-POO", "TP-POO.csproj", "{A3979330-4A68-4C77-9EA7-E3054D41F08C}"
EndProject
Project("{FAE04EC0-301F-11D3-BF4B-00C04F79EFBC}") = "Models", "..\Models\Models.csproj", "{9117F863-F9CC-4F90-888F-A551F2F18EBA}"
EndProject
Project("{FAE04EC0-301F-11D3-BF4B-00C04F79EFBC}") = "Views", "..\Views\Views.csproj", "{00570BE6-80A1-417B-86CF-7E3C48C28591}"
EndProject
Project("{FAE04EC0-301F-11D3-BF4B-00C04F79EFBC}") = "Controllers", "..\Controllers\Controllers.csproj", "{D7A801F9-E693-422D-8B2B-E36A99AEAEA4}"
EndProject
Global
	GlobalSection(SolutionConfigurationPlatforms) = preSolution
		Debug|Any CPU = Debug|Any CPU
		Release|Any CPU = Release|Any CPU
	EndGlobalSection
	GlobalSection(ProjectConfigurationPlatforms) = postSolution
		{A3979330-4A68-4C77-9EA7-E3054D41F08C}.Debug|Any CPU.ActiveCfg = Debug|Any CPU
		{A3979330-4A68-4C77-9EA7-E3054D41F08C}.Debug|Any CPU.Build.0 = Debug|Any CPU
		{A3979330-4A68-4C77-9EA7-E3054D41F08C}.Release|Any CPU.ActiveCfg = Release|Any CPU
		{A3979330-4A68-4C77-9EA7-E3054D41F08C}.Release|Any CPU.Build.0 = Release|Any CPU
		{9117F863-F9CC-4F90-888F-A551F2F18EBA}.Debug|Any CPU.ActiveCfg = Debug|Any CPU
		{9117F863-F9CC-4F90-888F-A551F2F18EBA}.Debug|Any CPU.Build.0 = Debug|Any CPU
		{9117F863-F9CC-4F90-888F-A551F2F18EBA}.Release|Any CPU.ActiveCfg = Release|Any CPU
		{9117F863-F9CC-4F90-888F-A551F2F18EBA}.Release|Any CPU.Build.0 = Release|Any CPU
		{00570BE6-80A1-417B-86CF-7E3C48C28591}.Debug|Any CPU.ActiveCfg = Debug|Any CPU
		{00570BE6-80A1-417B-86CF-7E3C48C28591}.Debug|Any CPU.Build.0 = Debug|Any CPU
		{00570BE6-80A1-417B-86CF-7E3C48C28591}.Release|Any CPU.ActiveCfg = Release|Any CPU
		{00570BE6-80A1-417B-86CF-7E3C48C28591}.Release|Any CPU.Build.0 = Release|Any CPU
		{D7A801F9-E693-422D-8B2B-E36A99AEAEA4}.Debug|Any CPU.ActiveCfg = Debug|Any CPU
		{D7A801F9-E693-422D-8B2B-E36A99AEAEA4}.Debug|Any CPU.Build.0 = Debug|Any CPU
		{D7A801F9-E693-422D-8B2B-E36A99AEAEA4}.Release|Any CPU.ActiveCfg = Release|Any CPU
		{D7A801F9-E693-422D-8B2B-E36A99AEAEA4}.Release|Any CPU.Build.0 = Release|Any CPU
	EndGlobalSection
	GlobalSection(SolutionProperties) = preSolution
		HideSolutionNode = FALSE
	EndGlobalSection
	GlobalSection(ExtensibilityGlobals) = postSolution
		SolutionGuid = {953077E7-849A-40D4-A4F7-582915356D3C}
	EndGlobalSection
EndGlobal
