
Microsoft Visual Studio Solution File, Format Version 12.00
# Visual Studio Version 17
VisualStudioVersion = 17.8.34316.72
MinimumVisualStudioVersion = 10.0.40219.1
Project("{9A19103F-16F7-4668-BE54-9A1E7A4F7556}") = "POO-TP", "POO-TP.csproj", "{6B6B6ADE-FF5B-424C-8A5D-417E672737E4}"
EndProject
Project("{9A19103F-16F7-4668-BE54-9A1E7A4F7556}") = "Models", "..\Models\Models.csproj", "{E2C14EF8-A846-42E5-A206-70338DDB1579}"
EndProject
Project("{9A19103F-16F7-4668-BE54-9A1E7A4F7556}") = "Controllers", "..\Controllers\Controllers.csproj", "{6C643F09-2355-4896-A73B-58C92D4F4738}"
EndProject
Project("{9A19103F-16F7-4668-BE54-9A1E7A4F7556}") = "Views", "..\Views\Views.csproj", "{7C6FDBFD-792B-44F3-B394-C38FFB0E915E}"
EndProject
Global
	GlobalSection(SolutionConfigurationPlatforms) = preSolution
		Debug|Any CPU = Debug|Any CPU
		Release|Any CPU = Release|Any CPU
	EndGlobalSection
	GlobalSection(ProjectConfigurationPlatforms) = postSolution
		{6B6B6ADE-FF5B-424C-8A5D-417E672737E4}.Debug|Any CPU.ActiveCfg = Debug|Any CPU
		{6B6B6ADE-FF5B-424C-8A5D-417E672737E4}.Debug|Any CPU.Build.0 = Debug|Any CPU
		{6B6B6ADE-FF5B-424C-8A5D-417E672737E4}.Release|Any CPU.ActiveCfg = Release|Any CPU
		{6B6B6ADE-FF5B-424C-8A5D-417E672737E4}.Release|Any CPU.Build.0 = Release|Any CPU
		{E2C14EF8-A846-42E5-A206-70338DDB1579}.Debug|Any CPU.ActiveCfg = Debug|Any CPU
		{E2C14EF8-A846-42E5-A206-70338DDB1579}.Debug|Any CPU.Build.0 = Debug|Any CPU
		{E2C14EF8-A846-42E5-A206-70338DDB1579}.Release|Any CPU.ActiveCfg = Release|Any CPU
		{E2C14EF8-A846-42E5-A206-70338DDB1579}.Release|Any CPU.Build.0 = Release|Any CPU
		{6C643F09-2355-4896-A73B-58C92D4F4738}.Debug|Any CPU.ActiveCfg = Debug|Any CPU
		{6C643F09-2355-4896-A73B-58C92D4F4738}.Debug|Any CPU.Build.0 = Debug|Any CPU
		{6C643F09-2355-4896-A73B-58C92D4F4738}.Release|Any CPU.ActiveCfg = Release|Any CPU
		{6C643F09-2355-4896-A73B-58C92D4F4738}.Release|Any CPU.Build.0 = Release|Any CPU
		{7C6FDBFD-792B-44F3-B394-C38FFB0E915E}.Debug|Any CPU.ActiveCfg = Debug|Any CPU
		{7C6FDBFD-792B-44F3-B394-C38FFB0E915E}.Debug|Any CPU.Build.0 = Debug|Any CPU
		{7C6FDBFD-792B-44F3-B394-C38FFB0E915E}.Release|Any CPU.ActiveCfg = Release|Any CPU
		{7C6FDBFD-792B-44F3-B394-C38FFB0E915E}.Release|Any CPU.Build.0 = Release|Any CPU
	EndGlobalSection
	GlobalSection(SolutionProperties) = preSolution
		HideSolutionNode = FALSE
	EndGlobalSection
	GlobalSection(ExtensibilityGlobals) = postSolution
		SolutionGuid = {9A7BB422-6A3F-4923-BD4A-888A906D80AB}
	EndGlobalSection
EndGlobal
